
Microsoft Visual Studio Solution File, Format Version 12.00
# Visual Studio Version 17
VisualStudioVersion = 17.4.33205.214
MinimumVisualStudioVersion = 10.0.40219.1
Project("{FAE04EC0-301F-11D3-BF4B-00C04F79EFBC}") = "Assignment_3_Group_6", "Assignment_3_Group_6.csproj", "{F40A29F8-F6D6-497D-89D6-970CBC8CF0CF}"
EndProject
Project("{9A19103F-16F7-4668-BE54-9A1E7A4F7556}") = "Test_Assignment_3", "..\Test_Assignment_3\Test_Assignment_3.csproj", "{CED3DD1B-0030-4745-8A23-E2DCF16292DD}"
	ProjectSection(ProjectDependencies) = postProject
		{F40A29F8-F6D6-497D-89D6-970CBC8CF0CF} = {F40A29F8-F6D6-497D-89D6-970CBC8CF0CF}
	EndProjectSection
EndProject
Global
	GlobalSection(SolutionConfigurationPlatforms) = preSolution
		Debug|Any CPU = Debug|Any CPU
		Release|Any CPU = Release|Any CPU
	EndGlobalSection
	GlobalSection(ProjectConfigurationPlatforms) = postSolution
		{F40A29F8-F6D6-497D-89D6-970CBC8CF0CF}.Debug|Any CPU.ActiveCfg = Debug|Any CPU
		{F40A29F8-F6D6-497D-89D6-970CBC8CF0CF}.Debug|Any CPU.Build.0 = Debug|Any CPU
		{F40A29F8-F6D6-497D-89D6-970CBC8CF0CF}.Release|Any CPU.ActiveCfg = Release|Any CPU
		{F40A29F8-F6D6-497D-89D6-970CBC8CF0CF}.Release|Any CPU.Build.0 = Release|Any CPU
		{CED3DD1B-0030-4745-8A23-E2DCF16292DD}.Debug|Any CPU.ActiveCfg = Debug|Any CPU
		{CED3DD1B-0030-4745-8A23-E2DCF16292DD}.Debug|Any CPU.Build.0 = Debug|Any CPU
		{CED3DD1B-0030-4745-8A23-E2DCF16292DD}.Release|Any CPU.ActiveCfg = Release|Any CPU
		{CED3DD1B-0030-4745-8A23-E2DCF16292DD}.Release|Any CPU.Build.0 = Release|Any CPU
	EndGlobalSection
	GlobalSection(SolutionProperties) = preSolution
		HideSolutionNode = FALSE
	EndGlobalSection
	GlobalSection(ExtensibilityGlobals) = postSolution
		SolutionGuid = {AD77E422-5440-483B-8E3E-B7169220244B}
	EndGlobalSection
EndGlobal
